<?xml version="1.0" encoding="utf-8"?>
<Project ToolsVersion="4.0" xmlns="http://schemas.microsoft.com/developer/msbuild/2003">
  <ItemGroup>
    <Filter Include="Source Files">
      <UniqueIdentifier>{4FC737F1-C7A5-4376-A066-2A32D752A2FF}</UniqueIdentifier>
      <Extensions>cpp;c;cc;cxx;c++;cu;cppm;ixx;def;odl;idl;hpj;bat;asm;asmx</Extensions>
    </Filter>
    <Filter Include="Header Files">
      <UniqueIdentifier>{93995380-89BD-4b04-88EB-625FBE52EBFB}</UniqueIdentifier>
      <Extensions>h;hh;hpp;cuh;hxx;h++;hm;inl;inc;ipp;xsd</Extensions>
    </Filter>
  </ItemGroup>
  <ItemGroup>
    <ClInclude Include="src\common.hpp">
      <Filter>Header Files</Filter>
    </ClInclude>
    <ClInclude Include="src\json.hpp">
      <Filter>Header Files</Filter>
    </ClInclude>
    <ClInclude Include="src\nw-algorithm.hpp">
      <Filter>Header Files</Filter>
    </ClInclude>
  </ItemGroup>
  <ItemGroup>
    <ClCompile Include="src\main.cpp">
      <Filter>Source Files</Filter>
    </ClCompile>
    <ClCompile Include="src\nw-algorithm.cpp">
      <Filter>Source Files</Filter>
    </ClCompile>
    <ClCompile Include="src\nw-cpu1-row-st.cpp">
      <Filter>Source Files</Filter>
    </ClCompile>
    <ClCompile Include="src\nw-cpu2-diag-st.cpp">
      <Filter>Source Files</Filter>
    </ClCompile>
    <ClCompile Include="src\nw-cpu3-diagrow-st.cpp">
      <Filter>Source Files</Filter>
    </ClCompile>
    <ClCompile Include="src\nw-cpu4-diagrow-mt.cpp">
      <Filter>Source Files</Filter>
    </ClCompile>
    <ClCompile Include="src\nw-trace1-plain.cpp">
      <Filter>Source Files</Filter>
    </ClCompile>
  </ItemGroup>
  <ItemGroup>
    <CudaCompile Include="src\nw-gpu1-diag-ml.cu">
      <Filter>Source Files</Filter>
    </CudaCompile>
    <CudaCompile Include="src\nw-gpu2-diagrow-ml2k.cu">
      <Filter>Source Files</Filter>
    </CudaCompile>
    <CudaCompile Include="src\nw-gpu3-diagdiag-coop.cu">
      <Filter>Source Files</Filter>
    </CudaCompile>
    <CudaCompile Include="src\nw-gpu4-diagdiag-coop2k.cu">
      <Filter>Source Files</Filter>
    </CudaCompile>
    <CudaCompile Include="src\nw-gpu5-diagdiagdiag-ml.cu">
      <Filter>Source Files</Filter>
    </CudaCompile>
  </ItemGroup>
</Project>