
Microsoft Visual Studio Solution File, Format Version 12.00
# Visual Studio Version 17
VisualStudioVersion = 17.6.33801.468
MinimumVisualStudioVersion = 10.0.40219.1
Project("{8BC9CEB8-8B4A-11D0-8D11-00A0C91BC942}") = "GpuNW", "GpuNW.vcxproj", "{760CE57B-A3BD-45D3-A9D2-E2997D70B26A}"
EndProject
Global
	GlobalSection(SolutionConfigurationPlatforms) = preSolution
		Debug|x64 = Debug|x64
		Profile|x64 = Profile|x64
	EndGlobalSection
	GlobalSection(ProjectConfigurationPlatforms) = postSolution
		{760CE57B-A3BD-45D3-A9D2-E2997D70B26A}.Debug|x64.ActiveCfg = Debug|x64
		{760CE57B-A3BD-45D3-A9D2-E2997D70B26A}.Debug|x64.Build.0 = Debug|x64
		{760CE57B-A3BD-45D3-A9D2-E2997D70B26A}.Profile|x64.ActiveCfg = Profile|x64
		{760CE57B-A3BD-45D3-A9D2-E2997D70B26A}.Profile|x64.Build.0 = Profile|x64
	EndGlobalSection
	GlobalSection(SolutionProperties) = preSolution
		HideSolutionNode = FALSE
	EndGlobalSection
	GlobalSection(ExtensibilityGlobals) = postSolution
		SolutionGuid = {D9633342-6D39-4CBD-A547-C1B6F9445228}
	EndGlobalSection
EndGlobal
