<?xml version="1.0" encoding="utf-8"?>
<Project ToolsVersion="4.0" xmlns="http://schemas.microsoft.com/developer/msbuild/2003">
  <ItemGroup>
    <CudaCompile Include="src\nwalign_gpu1_ml_diag.cu">
      <Filter>src</Filter>
    </CudaCompile>
    <CudaCompile Include="src\nwalign_gpu2_ml_diagrow2pass.cu">
      <Filter>src</Filter>
    </CudaCompile>
    <CudaCompile Include="src\nwalign_gpu3_ml_diagdiag.cu">
      <Filter>src</Filter>
    </CudaCompile>
    <CudaCompile Include="src\nwalign_gpu4_ml_diagdiag2pass.cu">
      <Filter>src</Filter>
    </CudaCompile>
    <CudaCompile Include="src\nwalign_gpu5_coop_diagdiag.cu">
      <Filter>src</Filter>
    </CudaCompile>
    <CudaCompile Include="src\nwalign_gpu6_coop_diagdiag2pass.cu">
      <Filter>src</Filter>
    </CudaCompile>
    <CudaCompile Include="src\nwalign_gpu7_mlsp_diagdiag.cu">
      <Filter>src</Filter>
    </CudaCompile>
    <CudaCompile Include="src\nwalign_gpu8_mlsp_diagdiag.cu">
      <Filter>src</Filter>
    </CudaCompile>
    <CudaCompile Include="src\nwalign_gpu9_mlsp_diagdiagdiag.cu">
      <Filter>src</Filter>
    </CudaCompile>
  </ItemGroup>
  <ItemGroup>
    <ClCompile Include="src\main.cpp">
      <Filter>src</Filter>
    </ClCompile>
    <ClCompile Include="src\nwalign_cpu1_st_row.cpp">
      <Filter>src</Filter>
    </ClCompile>
    <ClCompile Include="src\nwalign_cpu2_st_diag.cpp">
      <Filter>src</Filter>
    </ClCompile>
    <ClCompile Include="src\nwalign_cpu3_st_diagrow.cpp">
      <Filter>src</Filter>
    </ClCompile>
    <ClCompile Include="src\nwalign_cpu4_mt_diagrow.cpp">
      <Filter>src</Filter>
    </ClCompile>
    <ClCompile Include="src\nwtrace1_plain.cpp">
      <Filter>src</Filter>
    </ClCompile>
    <ClCompile Include="src\nwtrace2_sparse.cpp">
      <Filter>src</Filter>
    </ClCompile>
    <ClCompile Include="src\run_types.cpp">
      <Filter>src</Filter>
    </ClCompile>
  </ItemGroup>
  <ItemGroup>
    <ClInclude Include="src\run_types.hpp">
      <Filter>src</Filter>
    </ClInclude>
    <ClInclude Include="src\json.hpp">
      <Filter>src</Filter>
    </ClInclude>
    <ClInclude Include="src\defer.hpp">
      <Filter>src</Filter>
    </ClInclude>
    <ClInclude Include="src\fmt_guard.hpp">
      <Filter>src</Filter>
    </ClInclude>
    <ClInclude Include="src\math.hpp">
      <Filter>src</Filter>
    </ClInclude>
    <ClInclude Include="src\memory.hpp">
      <Filter>src</Filter>
    </ClInclude>
    <ClInclude Include="src\print_mat.hpp">
      <Filter>src</Filter>
    </ClInclude>
    <ClInclude Include="src\stopwatch.hpp">
      <Filter>src</Filter>
    </ClInclude>
    <ClInclude Include="src\nwalign.hpp">
      <Filter>src</Filter>
    </ClInclude>
  </ItemGroup>
  <ItemGroup>
    <Filter Include="src">
      <UniqueIdentifier>{8bbe0983-56f4-401b-b495-1406c356180e}</UniqueIdentifier>
    </Filter>
    <Filter Include="resrc">
      <UniqueIdentifier>{b209cc95-8b16-4c55-9219-5a750a5de149}</UniqueIdentifier>
    </Filter>
  </ItemGroup>
  <ItemGroup>
    <None Include="resrc\param_best.json">
      <Filter>resrc</Filter>
    </None>
    <None Include="resrc\param_optimize.json">
      <Filter>resrc</Filter>
    </None>
    <None Include="resrc\seq_debug.json">
      <Filter>resrc</Filter>
    </None>
    <None Include="resrc\seq_gen1.json">
      <Filter>resrc</Filter>
    </None>
    <None Include="resrc\seq_gen2.json">
      <Filter>resrc</Filter>
    </None>
    <None Include="resrc\seq_gen3.json">
      <Filter>resrc</Filter>
    </None>
    <None Include="resrc\seq_optimize.json">
      <Filter>resrc</Filter>
    </None>
    <None Include="resrc\seq_profile.json">
      <Filter>resrc</Filter>
    </None>
    <None Include="resrc\subst.json">
      <Filter>resrc</Filter>
    </None>
  </ItemGroup>
</Project>